// !$*UTF8*$!
{
	archiveVersion = 1;
	classes = {
	};
	objectVersion = 48;
	objects = {

/* Begin PBXBuildFile section */
		DE00F61B205BA29100D4F48F /* AppDelegate.swift in Sources */ = {isa = PBXBuildFile; fileRef = DE00F61A205BA29100D4F48F /* AppDelegate.swift */; };
		DE00F61D205BA29100D4F48F /* ViewController.swift in Sources */ = {isa = PBXBuildFile; fileRef = DE00F61C205BA29100D4F48F /* ViewController.swift */; };
		DE00F620205BA29100D4F48F /* Main.storyboard in Resources */ = {isa = PBXBuildFile; fileRef = DE00F61E205BA29100D4F48F /* Main.storyboard */; };
		DE00F623205BA29100D4F48F /* VampProject.xcdatamodeld in Sources */ = {isa = PBXBuildFile; fileRef = DE00F621205BA29100D4F48F /* VampProject.xcdatamodeld */; };
		DE00F625205BA29100D4F48F /* Assets.xcassets in Resources */ = {isa = PBXBuildFile; fileRef = DE00F624205BA29100D4F48F /* Assets.xcassets */; };
		DE00F628205BA29100D4F48F /* LaunchScreen.storyboard in Resources */ = {isa = PBXBuildFile; fileRef = DE00F626205BA29100D4F48F /* LaunchScreen.storyboard */; };
		DE00F630205BA49200D4F48F /* EstimoteSDK.framework in Frameworks */ = {isa = PBXBuildFile; fileRef = DE00F62F205BA49200D4F48F /* EstimoteSDK.framework */; };
/* End PBXBuildFile section */

/* Begin PBXFileReference section */
		DE00F617205BA29100D4F48F /* VampProject.app */ = {isa = PBXFileReference; explicitFileType = wrapper.application; includeInIndex = 0; path = VampProject.app; sourceTree = BUILT_PRODUCTS_DIR; };
		DE00F61A205BA29100D4F48F /* AppDelegate.swift */ = {isa = PBXFileReference; lastKnownFileType = sourcecode.swift; path = AppDelegate.swift; sourceTree = "<group>"; };
		DE00F61C205BA29100D4F48F /* ViewController.swift */ = {isa = PBXFileReference; lastKnownFileType = sourcecode.swift; path = ViewController.swift; sourceTree = "<group>"; };
		DE00F61F205BA29100D4F48F /* Base */ = {isa = PBXFileReference; lastKnownFileType = file.storyboard; name = Base; path = Base.lproj/Main.storyboard; sourceTree = "<group>"; };
		DE00F622205BA29100D4F48F /* VampProject.xcdatamodel */ = {isa = PBXFileReference; lastKnownFileType = wrapper.xcdatamodel; path = VampProject.xcdatamodel; sourceTree = "<group>"; };
		DE00F624205BA29100D4F48F /* Assets.xcassets */ = {isa = PBXFileReference; lastKnownFileType = folder.assetcatalog; path = Assets.xcassets; sourceTree = "<group>"; };
		DE00F627205BA29100D4F48F /* Base */ = {isa = PBXFileReference; lastKnownFileType = file.storyboard; name = Base; path = Base.lproj/LaunchScreen.storyboard; sourceTree = "<group>"; };
		DE00F629205BA29100D4F48F /* Info.plist */ = {isa = PBXFileReference; lastKnownFileType = text.plist.xml; path = Info.plist; sourceTree = "<group>"; };
		DE00F62F205BA49200D4F48F /* EstimoteSDK.framework */ = {isa = PBXFileReference; lastKnownFileType = wrapper.framework; path = EstimoteSDK.framework; sourceTree = "<group>"; };
		DE00F631205BA4D200D4F48F /* ObjCBridge.h */ = {isa = PBXFileReference; lastKnownFileType = sourcecode.c.h; path = ObjCBridge.h; sourceTree = "<group>"; };
/* End PBXFileReference section */

/* Begin PBXFrameworksBuildPhase section */
		DE00F614205BA29100D4F48F /* Frameworks */ = {
			isa = PBXFrameworksBuildPhase;
			buildActionMask = 2147483647;
			files = (
				DE00F630205BA49200D4F48F /* EstimoteSDK.framework in Frameworks */,
			);
			runOnlyForDeploymentPostprocessing = 0;
		};
/* End PBXFrameworksBuildPhase section */

/* Begin PBXGroup section */
		DE00F60E205BA29100D4F48F = {
			isa = PBXGroup;
			children = (
				DE00F62F205BA49200D4F48F /* EstimoteSDK.framework */,
				DE00F619205BA29100D4F48F /* VampProject */,
				DE00F618205BA29100D4F48F /* Products */,
			);
			sourceTree = "<group>";
		};
		DE00F618205BA29100D4F48F /* Products */ = {
			isa = PBXGroup;
			children = (
				DE00F617205BA29100D4F48F /* VampProject.app */,
			);
			name = Products;
			sourceTree = "<group>";
		};
		DE00F619205BA29100D4F48F /* VampProject */ = {
			isa = PBXGroup;
			children = (
				DE00F631205BA4D200D4F48F /* ObjCBridge.h */,
				DE00F61A205BA29100D4F48F /* AppDelegate.swift */,
				DE00F61C205BA29100D4F48F /* ViewController.swift */,
				DE00F61E205BA29100D4F48F /* Main.storyboard */,
				DE00F624205BA29100D4F48F /* Assets.xcassets */,
				DE00F626205BA29100D4F48F /* LaunchScreen.storyboard */,
				DE00F629205BA29100D4F48F /* Info.plist */,
				DE00F621205BA29100D4F48F /* VampProject.xcdatamodeld */,
			);
			path = VampProject;
			sourceTree = "<group>";
		};
/* End PBXGroup section */

/* Begin PBXNativeTarget section */
		DE00F616205BA29100D4F48F /* VampProject */ = {
			isa = PBXNativeTarget;
			buildConfigurationList = DE00F62C205BA29100D4F48F /* Build configuration list for PBXNativeTarget "VampProject" */;
			buildPhases = (
				DE00F613205BA29100D4F48F /* Sources */,
				DE00F614205BA29100D4F48F /* Frameworks */,
				DE00F615205BA29100D4F48F /* Resources */,
			);
			buildRules = (
			);
			dependencies = (
			);
			name = VampProject;
			productName = VampProject;
			productReference = DE00F617205BA29100D4F48F /* VampProject.app */;
			productType = "com.apple.product-type.application";
		};
/* End PBXNativeTarget section */

/* Begin PBXProject section */
		DE00F60F205BA29100D4F48F /* Project object */ = {
			isa = PBXProject;
			attributes = {
				LastSwiftUpdateCheck = 0920;
				LastUpgradeCheck = 0920;
				ORGANIZATIONNAME = "Gusto Nemec";
				TargetAttributes = {
					DE00F616205BA29100D4F48F = {
						CreatedOnToolsVersion = 9.2;
						ProvisioningStyle = Automatic;
					};
				};
			};
			buildConfigurationList = DE00F612205BA29100D4F48F /* Build configuration list for PBXProject "VampProject" */;
			compatibilityVersion = "Xcode 8.0";
			developmentRegion = en;
			hasScannedForEncodings = 0;
			knownRegions = (
				en,
				Base,
			);
			mainGroup = DE00F60E205BA29100D4F48F;
			productRefGroup = DE00F618205BA29100D4F48F /* Products */;
			projectDirPath = "";
			projectRoot = "";
			targets = (
				DE00F616205BA29100D4F48F /* VampProject */,
			);
		};
/* End PBXProject section */

/* Begin PBXResourcesBuildPhase section */
		DE00F615205BA29100D4F48F /* Resources */ = {
			isa = PBXResourcesBuildPhase;
			buildActionMask = 2147483647;
			files = (
				DE00F628205BA29100D4F48F /* LaunchScreen.storyboard in Resources */,
				DE00F625205BA29100D4F48F /* Assets.xcassets in Resources */,
				DE00F620205BA29100D4F48F /* Main.storyboard in Resources */,
			);
			runOnlyForDeploymentPostprocessing = 0;
		};
/* End PBXResourcesBuildPhase section */

/* Begin PBXSourcesBuildPhase section */
		DE00F613205BA29100D4F48F /* Sources */ = {
			isa = PBXSourcesBuildPhase;
			buildActionMask = 2147483647;
			files = (
				DE00F623205BA29100D4F48F /* VampProject.xcdatamodeld in Sources */,
				DE00F61D205BA29100D4F48F /* ViewController.swift in Sources */,
				DE00F61B205BA29100D4F48F /* AppDelegate.swift in Sources */,
			);
			runOnlyForDeploymentPostprocessing = 0;
		};
/* End PBXSourcesBuildPhase section */

/* Begin PBXVariantGroup section */
		DE00F61E205BA29100D4F48F /* Main.storyboard */ = {
			isa = PBXVariantGroup;
			children = (
				DE00F61F205BA29100D4F48F /* Base */,
			);
			name = Main.storyboard;
			sourceTree = "<group>";
		};
		DE00F626205BA29100D4F48F /* LaunchScreen.storyboard */ = {
			isa = PBXVariantGroup;
			children = (
				DE00F627205BA29100D4F48F /* Base */,
			);
			name = LaunchScreen.storyboard;
			sourceTree = "<group>";
		};
/* End PBXVariantGroup section */

/* Begin XCBuildConfiguration section */
		DE00F62A205BA29100D4F48F /* Debug */ = {
			isa = XCBuildConfiguration;
			buildSettings = {
				ALWAYS_SEARCH_USER_PATHS = NO;
				CLANG_ANALYZER_NONNULL = YES;
				CLANG_ANALYZER_NUMBER_OBJECT_CONVERSION = YES_AGGRESSIVE;
				CLANG_CXX_LANGUAGE_STANDARD = "gnu++14";
				CLANG_CXX_LIBRARY = "libc++";
				CLANG_ENABLE_MODULES = YES;
				CLANG_ENABLE_OBJC_ARC = YES;
				CLANG_WARN_BLOCK_CAPTURE_AUTORELEASING = YES;
				CLANG_WARN_BOOL_CONVERSION = YES;
				CLANG_WARN_COMMA = YES;
				CLANG_WARN_CONSTANT_CONVERSION = YES;
				CLANG_WARN_DIRECT_OBJC_ISA_USAGE = YES_ERROR;
				CLANG_WARN_DOCUMENTATION_COMMENTS = YES;
				CLANG_WARN_EMPTY_BODY = YES;
				CLANG_WARN_ENUM_CONVERSION = YES;
				CLANG_WARN_INFINITE_RECURSION = YES;
				CLANG_WARN_INT_CONVERSION = YES;
				CLANG_WARN_NON_LITERAL_NULL_CONVERSION = YES;
				CLANG_WARN_OBJC_LITERAL_CONVERSION = YES;
				CLANG_WARN_OBJC_ROOT_CLASS = YES_ERROR;
				CLANG_WARN_RANGE_LOOP_ANALYSIS = YES;
				CLANG_WARN_STRICT_PROTOTYPES = YES;
				CLANG_WARN_SUSPICIOUS_MOVE = YES;
				CLANG_WARN_UNGUARDED_AVAILABILITY = YES_AGGRESSIVE;
				CLANG_WARN_UNREACHABLE_CODE = YES;
				CLANG_WARN__DUPLICATE_METHOD_MATCH = YES;
				CODE_SIGN_IDENTITY = "iPhone Developer";
				COPY_PHASE_STRIP = NO;
				DEBUG_INFORMATION_FORMAT = dwarf;
				ENABLE_STRICT_OBJC_MSGSEND = YES;
				ENABLE_TESTABILITY = YES;
				GCC_C_LANGUAGE_STANDARD = gnu11;
				GCC_DYNAMIC_NO_PIC = NO;
				GCC_NO_COMMON_BLOCKS = YES;
				GCC_OPTIMIZATION_LEVEL = 0;
				GCC_PREPROCESSOR_DEFINITIONS = (
					"DEBUG=1",
					"$(inherited)",
				);
				GCC_WARN_64_TO_32_BIT_CONVERSION = YES;
				GCC_WARN_ABOUT_RETURN_TYPE = YES_ERROR;
				GCC_WARN_UNDECLARED_SELECTOR = YES;
				GCC_WARN_UNINITIALIZED_AUTOS = YES_AGGRESSIVE;
				GCC_WARN_UNUSED_FUNCTION = YES;
				GCC_WARN_UNUSED_VARIABLE = YES;
				IPHONEOS_DEPLOYMENT_TARGET = 11.2;
				MTL_ENABLE_DEBUG_INFO = YES;
				ONLY_ACTIVE_ARCH = YES;
				SDKROOT = iphoneos;
				SWIFT_ACTIVE_COMPILATION_CONDITIONS = DEBUG;
				SWIFT_OPTIMIZATION_LEVEL = "-Onone";
			};
			name = Debug;
		};
		DE00F62B205BA29100D4F48F /* Release */ = {
			isa = XCBuildConfiguration;
			buildSettings = {
				ALWAYS_SEARCH_USER_PATHS = NO;
				CLANG_ANALYZER_NONNULL = YES;
				CLANG_ANALYZER_NUMBER_OBJECT_CONVERSION = YES_AGGRESSIVE;
				CLANG_CXX_LANGUAGE_STANDARD = "gnu++14";
				CLANG_CXX_LIBRARY = "libc++";
				CLANG_ENABLE_MODULES = YES;
				CLANG_ENABLE_OBJC_ARC = YES;
				CLANG_WARN_BLOCK_CAPTURE_AUTORELEASING = YES;
				CLANG_WARN_BOOL_CONVERSION = YES;
				CLANG_WARN_COMMA = YES;
				CLANG_WARN_CONSTANT_CONVERSION = YES;
				CLANG_WARN_DIRECT_OBJC_ISA_USAGE = YES_ERROR;
				CLANG_WARN_DOCUMENTATION_COMMENTS = YES;
				CLANG_WARN_EMPTY_BODY = YES;
				CLANG_WARN_ENUM_CONVERSION = YES;
				CLANG_WARN_INFINITE_RECURSION = YES;
				CLANG_WARN_INT_CONVERSION = YES;
				CLANG_WARN_NON_LITERAL_NULL_CONVERSION = YES;
				CLANG_WARN_OBJC_LITERAL_CONVERSION = YES;
				CLANG_WARN_OBJC_ROOT_CLASS = YES_ERROR;
				CLANG_WARN_RANGE_LOOP_ANALYSIS = YES;
				CLANG_WARN_STRICT_PROTOTYPES = YES;
				CLANG_WARN_SUSPICIOUS_MOVE = YES;
				CLANG_WARN_UNGUARDED_AVAILABILITY = YES_AGGRESSIVE;
				CLANG_WARN_UNREACHABLE_CODE = YES;
				CLANG_WARN__DUPLICATE_METHOD_MATCH = YES;
				CODE_SIGN_IDENTITY = "iPhone Developer";
				COPY_PHASE_STRIP = NO;
				DEBUG_INFORMATION_FORMAT = "dwarf-with-dsym";
				ENABLE_NS_ASSERTIONS = NO;
				ENABLE_STRICT_OBJC_MSGSEND = YES;
				GCC_C_LANGUAGE_STANDARD = gnu11;
				GCC_NO_COMMON_BLOCKS = YES;
				GCC_WARN_64_TO_32_BIT_CONVERSION = YES;
				GCC_WARN_ABOUT_RETURN_TYPE = YES_ERROR;
				GCC_WARN_UNDECLARED_SELECTOR = YES;
				GCC_WARN_UNINITIALIZED_AUTOS = YES_AGGRESSIVE;
				GCC_WARN_UNUSED_FUNCTION = YES;
				GCC_WARN_UNUSED_VARIABLE = YES;
				IPHONEOS_DEPLOYMENT_TARGET = 11.2;
				MTL_ENABLE_DEBUG_INFO = NO;
				SDKROOT = iphoneos;
				SWIFT_OPTIMIZATION_LEVEL = "-Owholemodule";
				VALIDATE_PRODUCT = YES;
			};
			name = Release;
		};
		DE00F62D205BA29100D4F48F /* Debug */ = {
			isa = XCBuildConfiguration;
			buildSettings = {
				ASSETCATALOG_COMPILER_APPICON_NAME = AppIcon;
				CODE_SIGN_STYLE = Automatic;
				DEVELOPMENT_TEAM = AWY7F8XYF3;
				FRAMEWORK_SEARCH_PATHS = (
					"$(inherited)",
					"$(PROJECT_DIR)",
				);
				INFOPLIST_FILE = VampProject/Info.plist;
				LD_RUNPATH_SEARCH_PATHS = "$(inherited) @executable_path/Frameworks";
				PRODUCT_BUNDLE_IDENTIFIER = gusto.VampProject;
				PRODUCT_NAME = "$(TARGET_NAME)";
				SWIFT_OBJC_BRIDGING_HEADER = "${PROJECT_NAME}/ObjCBridge.h";
				SWIFT_VERSION = 4.0;
				TARGETED_DEVICE_FAMILY = "1,2";
			};
			name = Debug;
		};
		DE00F62E205BA29100D4F48F /* Release */ = {
			isa = XCBuildConfiguration;
			buildSettings = {
				ASSETCATALOG_COMPILER_APPICON_NAME = AppIcon;
				CODE_SIGN_STYLE = Automatic;
				DEVELOPMENT_TEAM = AWY7F8XYF3;
				FRAMEWORK_SEARCH_PATHS = (
					"$(inherited)",
					"$(PROJECT_DIR)",
				);
				INFOPLIST_FILE = VampProject/Info.plist;
				LD_RUNPATH_SEARCH_PATHS = "$(inherited) @executable_path/Frameworks";
				PRODUCT_BUNDLE_IDENTIFIER = gusto.VampProject;
				PRODUCT_NAME = "$(TARGET_NAME)";
				SWIFT_OBJC_BRIDGING_HEADER = "${PROJECT_NAME}/ObjCBridge.h";
				SWIFT_VERSION = 4.0;
				TARGETED_DEVICE_FAMILY = "1,2";
			};
			name = Release;
		};
/* End XCBuildConfiguration section */

/* Begin XCConfigurationList section */
		DE00F612205BA29100D4F48F /* Build configuration list for PBXProject "VampProject" */ = {
			isa = XCConfigurationList;
			buildConfigurations = (
				DE00F62A205BA29100D4F48F /* Debug */,
				DE00F62B205BA29100D4F48F /* Release */,
			);
			defaultConfigurationIsVisible = 0;
			defaultConfigurationName = Release;
		};
		DE00F62C205BA29100D4F48F /* Build configuration list for PBXNativeTarget "VampProject" */ = {
			isa = XCConfigurationList;
			buildConfigurations = (
				DE00F62D205BA29100D4F48F /* Debug */,
				DE00F62E205BA29100D4F48F /* Release */,
			);
			defaultConfigurationIsVisible = 0;
			defaultConfigurationName = Release;
		};
/* End XCConfigurationList section */

/* Begin XCVersionGroup section */
		DE00F621205BA29100D4F48F /* VampProject.xcdatamodeld */ = {
			isa = XCVersionGroup;
			children = (
				DE00F622205BA29100D4F48F /* VampProject.xcdatamodel */,
			);
			currentVersion = DE00F622205BA29100D4F48F /* VampProject.xcdatamodel */;
			path = VampProject.xcdatamodeld;
			sourceTree = "<group>";
			versionGroupType = wrapper.xcdatamodel;
		};
/* End XCVersionGroup section */
	};
	rootObject = DE00F60F205BA29100D4F48F /* Project object */;
}
