// !$*UTF8*$!
{
	archiveVersion = 1;
	classes = {
	};
	objectVersion = 48;
	objects = {

/* Begin PBXBuildFile section */
		476172B4207E1CED00AE8922 /* QRLocatorViewController.swift in Sources */ = {isa = PBXBuildFile; fileRef = 476172AC207E1CEC00AE8922 /* QRLocatorViewController.swift */; };
		476172B6207E1CED00AE8922 /* VampProject.xcdatamodeld in Sources */ = {isa = PBXBuildFile; fileRef = 476172AE207E1CED00AE8922 /* VampProject.xcdatamodeld */; };
		476172B9207E1CED00AE8922 /* MainViewController.swift in Sources */ = {isa = PBXBuildFile; fileRef = 476172B2207E1CED00AE8922 /* MainViewController.swift */; };
		476172BA207E1CED00AE8922 /* Helper.swift in Sources */ = {isa = PBXBuildFile; fileRef = 476172B3207E1CED00AE8922 /* Helper.swift */; };
		476172BC207E1DD000AE8922 /* LaunchScreen.storyboard in Resources */ = {isa = PBXBuildFile; fileRef = 476172BB207E1DD000AE8922 /* LaunchScreen.storyboard */; };
		476172BE207E200200AE8922 /* Main.storyboard in Resources */ = {isa = PBXBuildFile; fileRef = 476172BD207E200200AE8922 /* Main.storyboard */; };
		D991A339DC3879A07ED572A4 /* Pods_VampProject.framework in Frameworks */ = {isa = PBXBuildFile; fileRef = 608AE7E9014E11ABFF17AA76 /* Pods_VampProject.framework */; };
		DE00F61B205BA29100D4F48F /* AppDelegate.swift in Sources */ = {isa = PBXBuildFile; fileRef = DE00F61A205BA29100D4F48F /* AppDelegate.swift */; };
		DE00F61D205BA29100D4F48F /* ViewController.swift in Sources */ = {isa = PBXBuildFile; fileRef = DE00F61C205BA29100D4F48F /* ViewController.swift */; };
		DE00F625205BA29100D4F48F /* Assets.xcassets in Resources */ = {isa = PBXBuildFile; fileRef = DE00F624205BA29100D4F48F /* Assets.xcassets */; };
		DE00F630205BA49200D4F48F /* EstimoteSDK.framework in Frameworks */ = {isa = PBXBuildFile; fileRef = DE00F62F205BA49200D4F48F /* EstimoteSDK.framework */; };
		DEE3F1D4208522E800346504 /* Room.swift in Sources */ = {isa = PBXBuildFile; fileRef = DEE3F1D1208522E800346504 /* Room.swift */; };
		DEE3F1D5208522E800346504 /* Day.swift in Sources */ = {isa = PBXBuildFile; fileRef = DEE3F1D2208522E800346504 /* Day.swift */; };
		DEE3F1D6208522E800346504 /* Subject.swift in Sources */ = {isa = PBXBuildFile; fileRef = DEE3F1D3208522E800346504 /* Subject.swift */; };
		DEE3F1DA208522F900346504 /* TimeTableViewController.swift in Sources */ = {isa = PBXBuildFile; fileRef = DEE3F1D7208522F900346504 /* TimeTableViewController.swift */; };
		DEE3F1DB208522F900346504 /* SubjectsTableViewController.swift in Sources */ = {isa = PBXBuildFile; fileRef = DEE3F1D8208522F900346504 /* SubjectsTableViewController.swift */; };
		DEE3F1DC208522F900346504 /* DaysTableViewController.swift in Sources */ = {isa = PBXBuildFile; fileRef = DEE3F1D9208522F900346504 /* DaysTableViewController.swift */; };
		DEE3F1DF20865EF000346504 /* SubjectCell.swift in Sources */ = {isa = PBXBuildFile; fileRef = DEE3F1DE20865EF000346504 /* SubjectCell.swift */; };
/* End PBXBuildFile section */

/* Begin PBXFileReference section */
		476172AC207E1CEC00AE8922 /* QRLocatorViewController.swift */ = {isa = PBXFileReference; fileEncoding = 4; lastKnownFileType = sourcecode.swift; path = QRLocatorViewController.swift; sourceTree = "<group>"; };
		476172AF207E1CED00AE8922 /* VampProject.xcdatamodel */ = {isa = PBXFileReference; lastKnownFileType = wrapper.xcdatamodel; path = VampProject.xcdatamodel; sourceTree = "<group>"; };
		476172B2207E1CED00AE8922 /* MainViewController.swift */ = {isa = PBXFileReference; fileEncoding = 4; lastKnownFileType = sourcecode.swift; path = MainViewController.swift; sourceTree = "<group>"; };
		476172B3207E1CED00AE8922 /* Helper.swift */ = {isa = PBXFileReference; fileEncoding = 4; lastKnownFileType = sourcecode.swift; path = Helper.swift; sourceTree = "<group>"; };
		476172BB207E1DD000AE8922 /* LaunchScreen.storyboard */ = {isa = PBXFileReference; lastKnownFileType = file.storyboard; path = LaunchScreen.storyboard; sourceTree = "<group>"; };
		476172BD207E200200AE8922 /* Main.storyboard */ = {isa = PBXFileReference; lastKnownFileType = file.storyboard; path = Main.storyboard; sourceTree = "<group>"; };
		608AE7E9014E11ABFF17AA76 /* Pods_VampProject.framework */ = {isa = PBXFileReference; explicitFileType = wrapper.framework; includeInIndex = 0; path = Pods_VampProject.framework; sourceTree = BUILT_PRODUCTS_DIR; };
		70A8E712A7D8268CBCB522F3 /* Pods-VampProject.debug.xcconfig */ = {isa = PBXFileReference; includeInIndex = 1; lastKnownFileType = text.xcconfig; name = "Pods-VampProject.debug.xcconfig"; path = "Pods/Target Support Files/Pods-VampProject/Pods-VampProject.debug.xcconfig"; sourceTree = "<group>"; };
		DE00F617205BA29100D4F48F /* VampProject.app */ = {isa = PBXFileReference; explicitFileType = wrapper.application; includeInIndex = 0; path = VampProject.app; sourceTree = BUILT_PRODUCTS_DIR; };
		DE00F61A205BA29100D4F48F /* AppDelegate.swift */ = {isa = PBXFileReference; lastKnownFileType = sourcecode.swift; path = AppDelegate.swift; sourceTree = "<group>"; };
		DE00F61C205BA29100D4F48F /* ViewController.swift */ = {isa = PBXFileReference; lastKnownFileType = sourcecode.swift; path = ViewController.swift; sourceTree = "<group>"; };
		DE00F624205BA29100D4F48F /* Assets.xcassets */ = {isa = PBXFileReference; lastKnownFileType = folder.assetcatalog; path = Assets.xcassets; sourceTree = "<group>"; };
		DE00F629205BA29100D4F48F /* Info.plist */ = {isa = PBXFileReference; lastKnownFileType = text.plist.xml; path = Info.plist; sourceTree = "<group>"; };
		DE00F62F205BA49200D4F48F /* EstimoteSDK.framework */ = {isa = PBXFileReference; lastKnownFileType = wrapper.framework; path = EstimoteSDK.framework; sourceTree = "<group>"; };
		DE00F631205BA4D200D4F48F /* ObjCBridge.h */ = {isa = PBXFileReference; lastKnownFileType = sourcecode.c.h; path = ObjCBridge.h; sourceTree = "<group>"; };
		DEE3F1D1208522E800346504 /* Room.swift */ = {isa = PBXFileReference; fileEncoding = 4; lastKnownFileType = sourcecode.swift; path = Room.swift; sourceTree = "<group>"; };
		DEE3F1D2208522E800346504 /* Day.swift */ = {isa = PBXFileReference; fileEncoding = 4; lastKnownFileType = sourcecode.swift; path = Day.swift; sourceTree = "<group>"; };
		DEE3F1D3208522E800346504 /* Subject.swift */ = {isa = PBXFileReference; fileEncoding = 4; lastKnownFileType = sourcecode.swift; path = Subject.swift; sourceTree = "<group>"; };
		DEE3F1D7208522F900346504 /* TimeTableViewController.swift */ = {isa = PBXFileReference; fileEncoding = 4; lastKnownFileType = sourcecode.swift; path = TimeTableViewController.swift; sourceTree = "<group>"; };
		DEE3F1D8208522F900346504 /* SubjectsTableViewController.swift */ = {isa = PBXFileReference; fileEncoding = 4; lastKnownFileType = sourcecode.swift; path = SubjectsTableViewController.swift; sourceTree = "<group>"; };
		DEE3F1D9208522F900346504 /* DaysTableViewController.swift */ = {isa = PBXFileReference; fileEncoding = 4; lastKnownFileType = sourcecode.swift; path = DaysTableViewController.swift; sourceTree = "<group>"; };
		DEE3F1DE20865EF000346504 /* SubjectCell.swift */ = {isa = PBXFileReference; lastKnownFileType = sourcecode.swift; path = SubjectCell.swift; sourceTree = "<group>"; };
		ED142D79B796432BFA62E726 /* Pods-VampProject.release.xcconfig */ = {isa = PBXFileReference; includeInIndex = 1; lastKnownFileType = text.xcconfig; name = "Pods-VampProject.release.xcconfig"; path = "Pods/Target Support Files/Pods-VampProject/Pods-VampProject.release.xcconfig"; sourceTree = "<group>"; };
/* End PBXFileReference section */

/* Begin PBXFrameworksBuildPhase section */
		DE00F614205BA29100D4F48F /* Frameworks */ = {
			isa = PBXFrameworksBuildPhase;
			buildActionMask = 2147483647;
			files = (
				DE00F630205BA49200D4F48F /* EstimoteSDK.framework in Frameworks */,
				D991A339DC3879A07ED572A4 /* Pods_VampProject.framework in Frameworks */,
			);
			runOnlyForDeploymentPostprocessing = 0;
		};
/* End PBXFrameworksBuildPhase section */

/* Begin PBXGroup section */
		BFE88D1C1BC5BBDD62300BAF /* Frameworks */ = {
			isa = PBXGroup;
			children = (
				608AE7E9014E11ABFF17AA76 /* Pods_VampProject.framework */,
			);
			name = Frameworks;
			sourceTree = "<group>";
		};
		D054E4117AE65C81209606A6 /* Pods */ = {
			isa = PBXGroup;
			children = (
				70A8E712A7D8268CBCB522F3 /* Pods-VampProject.debug.xcconfig */,
				ED142D79B796432BFA62E726 /* Pods-VampProject.release.xcconfig */,
			);
			name = Pods;
			sourceTree = "<group>";
		};
		DE00F60E205BA29100D4F48F = {
			isa = PBXGroup;
			children = (
				DE00F62F205BA49200D4F48F /* EstimoteSDK.framework */,
				DE00F619205BA29100D4F48F /* VampProject */,
				DE00F618205BA29100D4F48F /* Products */,
				D054E4117AE65C81209606A6 /* Pods */,
				BFE88D1C1BC5BBDD62300BAF /* Frameworks */,
			);
			sourceTree = "<group>";
		};
		DE00F618205BA29100D4F48F /* Products */ = {
			isa = PBXGroup;
			children = (
				DE00F617205BA29100D4F48F /* VampProject.app */,
			);
			name = Products;
			sourceTree = "<group>";
		};
		DE00F619205BA29100D4F48F /* VampProject */ = {
			isa = PBXGroup;
			children = (
				DEE3F1DD2085260400346504 /* View */,
				DEE3F1D0208522C600346504 /* Controller */,
				DEE3F1CF208522BE00346504 /* Model */,
				DE00F631205BA4D200D4F48F /* ObjCBridge.h */,
				DE00F61A205BA29100D4F48F /* AppDelegate.swift */,
				DE00F61C205BA29100D4F48F /* ViewController.swift */,
				DE00F624205BA29100D4F48F /* Assets.xcassets */,
				476172AC207E1CEC00AE8922 /* QRLocatorViewController.swift */,
				476172B3207E1CED00AE8922 /* Helper.swift */,
				476172B2207E1CED00AE8922 /* MainViewController.swift */,
				476172AE207E1CED00AE8922 /* VampProject.xcdatamodeld */,
				DE00F629205BA29100D4F48F /* Info.plist */,
				476172BB207E1DD000AE8922 /* LaunchScreen.storyboard */,
			);
			path = VampProject;
			sourceTree = "<group>";
		};
		DEE3F1CF208522BE00346504 /* Model */ = {
			isa = PBXGroup;
			children = (
				DEE3F1D2208522E800346504 /* Day.swift */,
				DEE3F1D3208522E800346504 /* Subject.swift */,
				DEE3F1D1208522E800346504 /* Room.swift */,
			);
			path = Model;
			sourceTree = "<group>";
		};
		DEE3F1D0208522C600346504 /* Controller */ = {
			isa = PBXGroup;
			children = (
				DEE3F1D9208522F900346504 /* DaysTableViewController.swift */,
				DEE3F1D8208522F900346504 /* SubjectsTableViewController.swift */,
				DEE3F1D7208522F900346504 /* TimeTableViewController.swift */,
				DEE3F1DE20865EF000346504 /* SubjectCell.swift */,
			);
			path = Controller;
			sourceTree = "<group>";
		};
		DEE3F1DD2085260400346504 /* View */ = {
			isa = PBXGroup;
			children = (
				476172BD207E200200AE8922 /* Main.storyboard */,
			);
			path = View;
			sourceTree = "<group>";
		};
/* End PBXGroup section */

/* Begin PBXNativeTarget section */
		DE00F616205BA29100D4F48F /* VampProject */ = {
			isa = PBXNativeTarget;
			buildConfigurationList = DE00F62C205BA29100D4F48F /* Build configuration list for PBXNativeTarget "VampProject" */;
			buildPhases = (
				FD58FC9085A22EC1FF7FAD95 /* [CP] Check Pods Manifest.lock */,
				DE00F613205BA29100D4F48F /* Sources */,
				DE00F614205BA29100D4F48F /* Frameworks */,
				DE00F615205BA29100D4F48F /* Resources */,
				2E0F4287858BAD64E428D4F5 /* [CP] Embed Pods Frameworks */,
				D444E400141492D643BD9289 /* [CP] Copy Pods Resources */,
			);
			buildRules = (
			);
			dependencies = (
			);
			name = VampProject;
			productName = VampProject;
			productReference = DE00F617205BA29100D4F48F /* VampProject.app */;
			productType = "com.apple.product-type.application";
		};
/* End PBXNativeTarget section */

/* Begin PBXProject section */
		DE00F60F205BA29100D4F48F /* Project object */ = {
			isa = PBXProject;
			attributes = {
				LastSwiftUpdateCheck = 0920;
				LastUpgradeCheck = 0920;
				ORGANIZATIONNAME = "Gusto Nemec";
				TargetAttributes = {
					DE00F616205BA29100D4F48F = {
						CreatedOnToolsVersion = 9.2;
						ProvisioningStyle = Automatic;
					};
				};
			};
			buildConfigurationList = DE00F612205BA29100D4F48F /* Build configuration list for PBXProject "VampProject" */;
			compatibilityVersion = "Xcode 8.0";
			developmentRegion = en;
			hasScannedForEncodings = 0;
			knownRegions = (
				en,
				Base,
			);
			mainGroup = DE00F60E205BA29100D4F48F;
			productRefGroup = DE00F618205BA29100D4F48F /* Products */;
			projectDirPath = "";
			projectRoot = "";
			targets = (
				DE00F616205BA29100D4F48F /* VampProject */,
			);
		};
/* End PBXProject section */

/* Begin PBXResourcesBuildPhase section */
		DE00F615205BA29100D4F48F /* Resources */ = {
			isa = PBXResourcesBuildPhase;
			buildActionMask = 2147483647;
			files = (
				476172BE207E200200AE8922 /* Main.storyboard in Resources */,
				DE00F625205BA29100D4F48F /* Assets.xcassets in Resources */,
				476172BC207E1DD000AE8922 /* LaunchScreen.storyboard in Resources */,
			);
			runOnlyForDeploymentPostprocessing = 0;
		};
/* End PBXResourcesBuildPhase section */

/* Begin PBXShellScriptBuildPhase section */
		2E0F4287858BAD64E428D4F5 /* [CP] Embed Pods Frameworks */ = {
			isa = PBXShellScriptBuildPhase;
			buildActionMask = 2147483647;
			files = (
			);
			inputPaths = (
				"${SRCROOT}/Pods/Target Support Files/Pods-VampProject/Pods-VampProject-frameworks.sh",
				"${BUILT_PRODUCTS_DIR}/QRCodeReader.swift/QRCodeReader.framework",
			);
			name = "[CP] Embed Pods Frameworks";
			outputPaths = (
				"${TARGET_BUILD_DIR}/${FRAMEWORKS_FOLDER_PATH}/QRCodeReader.framework",
			);
			runOnlyForDeploymentPostprocessing = 0;
			shellPath = /bin/sh;
			shellScript = "\"${SRCROOT}/Pods/Target Support Files/Pods-VampProject/Pods-VampProject-frameworks.sh\"\n";
			showEnvVarsInLog = 0;
		};
		D444E400141492D643BD9289 /* [CP] Copy Pods Resources */ = {
			isa = PBXShellScriptBuildPhase;
			buildActionMask = 2147483647;
			files = (
			);
			inputPaths = (
			);
			name = "[CP] Copy Pods Resources";
			outputPaths = (
			);
			runOnlyForDeploymentPostprocessing = 0;
			shellPath = /bin/sh;
			shellScript = "\"${SRCROOT}/Pods/Target Support Files/Pods-VampProject/Pods-VampProject-resources.sh\"\n";
			showEnvVarsInLog = 0;
		};
		FD58FC9085A22EC1FF7FAD95 /* [CP] Check Pods Manifest.lock */ = {
			isa = PBXShellScriptBuildPhase;
			buildActionMask = 2147483647;
			files = (
			);
			inputPaths = (
				"${PODS_PODFILE_DIR_PATH}/Podfile.lock",
				"${PODS_ROOT}/Manifest.lock",
			);
			name = "[CP] Check Pods Manifest.lock";
			outputPaths = (
				"$(DERIVED_FILE_DIR)/Pods-VampProject-checkManifestLockResult.txt",
			);
			runOnlyForDeploymentPostprocessing = 0;
			shellPath = /bin/sh;
			shellScript = "diff \"${PODS_PODFILE_DIR_PATH}/Podfile.lock\" \"${PODS_ROOT}/Manifest.lock\" > /dev/null\nif [ $? != 0 ] ; then\n    # print error to STDERR\n    echo \"error: The sandbox is not in sync with the Podfile.lock. Run 'pod install' or update your CocoaPods installation.\" >&2\n    exit 1\nfi\n# This output is used by Xcode 'outputs' to avoid re-running this script phase.\necho \"SUCCESS\" > \"${SCRIPT_OUTPUT_FILE_0}\"\n";
			showEnvVarsInLog = 0;
		};
/* End PBXShellScriptBuildPhase section */

/* Begin PBXSourcesBuildPhase section */
		DE00F613205BA29100D4F48F /* Sources */ = {
			isa = PBXSourcesBuildPhase;
			buildActionMask = 2147483647;
			files = (
				DEE3F1DF20865EF000346504 /* SubjectCell.swift in Sources */,
				476172BA207E1CED00AE8922 /* Helper.swift in Sources */,
				DE00F61D205BA29100D4F48F /* ViewController.swift in Sources */,
				476172B4207E1CED00AE8922 /* QRLocatorViewController.swift in Sources */,
				DEE3F1D5208522E800346504 /* Day.swift in Sources */,
				DEE3F1DB208522F900346504 /* SubjectsTableViewController.swift in Sources */,
				DEE3F1DA208522F900346504 /* TimeTableViewController.swift in Sources */,
				DEE3F1D4208522E800346504 /* Room.swift in Sources */,
				DEE3F1D6208522E800346504 /* Subject.swift in Sources */,
				DEE3F1DC208522F900346504 /* DaysTableViewController.swift in Sources */,
				476172B9207E1CED00AE8922 /* MainViewController.swift in Sources */,
				DE00F61B205BA29100D4F48F /* AppDelegate.swift in Sources */,
				476172B6207E1CED00AE8922 /* VampProject.xcdatamodeld in Sources */,
			);
			runOnlyForDeploymentPostprocessing = 0;
		};
/* End PBXSourcesBuildPhase section */

/* Begin XCBuildConfiguration section */
		DE00F62A205BA29100D4F48F /* Debug */ = {
			isa = XCBuildConfiguration;
			buildSettings = {
				ALWAYS_SEARCH_USER_PATHS = NO;
				CLANG_ANALYZER_NONNULL = YES;
				CLANG_ANALYZER_NUMBER_OBJECT_CONVERSION = YES_AGGRESSIVE;
				CLANG_CXX_LANGUAGE_STANDARD = "gnu++14";
				CLANG_CXX_LIBRARY = "libc++";
				CLANG_ENABLE_MODULES = YES;
				CLANG_ENABLE_OBJC_ARC = YES;
				CLANG_WARN_BLOCK_CAPTURE_AUTORELEASING = YES;
				CLANG_WARN_BOOL_CONVERSION = YES;
				CLANG_WARN_COMMA = YES;
				CLANG_WARN_CONSTANT_CONVERSION = YES;
				CLANG_WARN_DIRECT_OBJC_ISA_USAGE = YES_ERROR;
				CLANG_WARN_DOCUMENTATION_COMMENTS = YES;
				CLANG_WARN_EMPTY_BODY = YES;
				CLANG_WARN_ENUM_CONVERSION = YES;
				CLANG_WARN_INFINITE_RECURSION = YES;
				CLANG_WARN_INT_CONVERSION = YES;
				CLANG_WARN_NON_LITERAL_NULL_CONVERSION = YES;
				CLANG_WARN_OBJC_LITERAL_CONVERSION = YES;
				CLANG_WARN_OBJC_ROOT_CLASS = YES_ERROR;
				CLANG_WARN_RANGE_LOOP_ANALYSIS = YES;
				CLANG_WARN_STRICT_PROTOTYPES = YES;
				CLANG_WARN_SUSPICIOUS_MOVE = YES;
				CLANG_WARN_UNGUARDED_AVAILABILITY = YES_AGGRESSIVE;
				CLANG_WARN_UNREACHABLE_CODE = YES;
				CLANG_WARN__DUPLICATE_METHOD_MATCH = YES;
				CODE_SIGN_IDENTITY = "iPhone Developer";
				COPY_PHASE_STRIP = NO;
				DEBUG_INFORMATION_FORMAT = dwarf;
				ENABLE_STRICT_OBJC_MSGSEND = YES;
				ENABLE_TESTABILITY = YES;
				GCC_C_LANGUAGE_STANDARD = gnu11;
				GCC_DYNAMIC_NO_PIC = NO;
				GCC_NO_COMMON_BLOCKS = YES;
				GCC_OPTIMIZATION_LEVEL = 0;
				GCC_PREPROCESSOR_DEFINITIONS = (
					"DEBUG=1",
					"$(inherited)",
				);
				GCC_WARN_64_TO_32_BIT_CONVERSION = YES;
				GCC_WARN_ABOUT_RETURN_TYPE = YES_ERROR;
				GCC_WARN_UNDECLARED_SELECTOR = YES;
				GCC_WARN_UNINITIALIZED_AUTOS = YES_AGGRESSIVE;
				GCC_WARN_UNUSED_FUNCTION = YES;
				GCC_WARN_UNUSED_VARIABLE = YES;
				IPHONEOS_DEPLOYMENT_TARGET = 11.2;
				MTL_ENABLE_DEBUG_INFO = YES;
				ONLY_ACTIVE_ARCH = YES;
				SDKROOT = iphoneos;
				SWIFT_ACTIVE_COMPILATION_CONDITIONS = DEBUG;
				SWIFT_OPTIMIZATION_LEVEL = "-Onone";
			};
			name = Debug;
		};
		DE00F62B205BA29100D4F48F /* Release */ = {
			isa = XCBuildConfiguration;
			buildSettings = {
				ALWAYS_SEARCH_USER_PATHS = NO;
				CLANG_ANALYZER_NONNULL = YES;
				CLANG_ANALYZER_NUMBER_OBJECT_CONVERSION = YES_AGGRESSIVE;
				CLANG_CXX_LANGUAGE_STANDARD = "gnu++14";
				CLANG_CXX_LIBRARY = "libc++";
				CLANG_ENABLE_MODULES = YES;
				CLANG_ENABLE_OBJC_ARC = YES;
				CLANG_WARN_BLOCK_CAPTURE_AUTORELEASING = YES;
				CLANG_WARN_BOOL_CONVERSION = YES;
				CLANG_WARN_COMMA = YES;
				CLANG_WARN_CONSTANT_CONVERSION = YES;
				CLANG_WARN_DIRECT_OBJC_ISA_USAGE = YES_ERROR;
				CLANG_WARN_DOCUMENTATION_COMMENTS = YES;
				CLANG_WARN_EMPTY_BODY = YES;
				CLANG_WARN_ENUM_CONVERSION = YES;
				CLANG_WARN_INFINITE_RECURSION = YES;
				CLANG_WARN_INT_CONVERSION = YES;
				CLANG_WARN_NON_LITERAL_NULL_CONVERSION = YES;
				CLANG_WARN_OBJC_LITERAL_CONVERSION = YES;
				CLANG_WARN_OBJC_ROOT_CLASS = YES_ERROR;
				CLANG_WARN_RANGE_LOOP_ANALYSIS = YES;
				CLANG_WARN_STRICT_PROTOTYPES = YES;
				CLANG_WARN_SUSPICIOUS_MOVE = YES;
				CLANG_WARN_UNGUARDED_AVAILABILITY = YES_AGGRESSIVE;
				CLANG_WARN_UNREACHABLE_CODE = YES;
				CLANG_WARN__DUPLICATE_METHOD_MATCH = YES;
				CODE_SIGN_IDENTITY = "iPhone Developer";
				COPY_PHASE_STRIP = NO;
				DEBUG_INFORMATION_FORMAT = "dwarf-with-dsym";
				ENABLE_NS_ASSERTIONS = NO;
				ENABLE_STRICT_OBJC_MSGSEND = YES;
				GCC_C_LANGUAGE_STANDARD = gnu11;
				GCC_NO_COMMON_BLOCKS = YES;
				GCC_WARN_64_TO_32_BIT_CONVERSION = YES;
				GCC_WARN_ABOUT_RETURN_TYPE = YES_ERROR;
				GCC_WARN_UNDECLARED_SELECTOR = YES;
				GCC_WARN_UNINITIALIZED_AUTOS = YES_AGGRESSIVE;
				GCC_WARN_UNUSED_FUNCTION = YES;
				GCC_WARN_UNUSED_VARIABLE = YES;
				IPHONEOS_DEPLOYMENT_TARGET = 11.2;
				MTL_ENABLE_DEBUG_INFO = NO;
				SDKROOT = iphoneos;
				SWIFT_OPTIMIZATION_LEVEL = "-Owholemodule";
				VALIDATE_PRODUCT = YES;
			};
			name = Release;
		};
		DE00F62D205BA29100D4F48F /* Debug */ = {
			isa = XCBuildConfiguration;
			baseConfigurationReference = 70A8E712A7D8268CBCB522F3 /* Pods-VampProject.debug.xcconfig */;
			buildSettings = {
				ASSETCATALOG_COMPILER_APPICON_NAME = AppIcon;
				CODE_SIGN_STYLE = Automatic;
				DEVELOPMENT_TEAM = AWY7F8XYF3;
				FRAMEWORK_SEARCH_PATHS = (
					"$(inherited)",
					"$(PROJECT_DIR)",
				);
				INFOPLIST_FILE = VampProject/Info.plist;
				LD_RUNPATH_SEARCH_PATHS = "$(inherited) @executable_path/Frameworks";
				PRODUCT_BUNDLE_IDENTIFIER = nemec.VampProject;
				PRODUCT_NAME = "$(TARGET_NAME)";
				SWIFT_OBJC_BRIDGING_HEADER = "${PROJECT_NAME}/ObjCBridge.h";
				SWIFT_VERSION = 4.0;
				TARGETED_DEVICE_FAMILY = "1,2";
			};
			name = Debug;
		};
		DE00F62E205BA29100D4F48F /* Release */ = {
			isa = XCBuildConfiguration;
			baseConfigurationReference = ED142D79B796432BFA62E726 /* Pods-VampProject.release.xcconfig */;
			buildSettings = {
				ASSETCATALOG_COMPILER_APPICON_NAME = AppIcon;
				CODE_SIGN_STYLE = Automatic;
				DEVELOPMENT_TEAM = AWY7F8XYF3;
				FRAMEWORK_SEARCH_PATHS = (
					"$(inherited)",
					"$(PROJECT_DIR)",
				);
				INFOPLIST_FILE = VampProject/Info.plist;
				LD_RUNPATH_SEARCH_PATHS = "$(inherited) @executable_path/Frameworks";
				PRODUCT_BUNDLE_IDENTIFIER = nemec.VampProject;
				PRODUCT_NAME = "$(TARGET_NAME)";
				SWIFT_OBJC_BRIDGING_HEADER = "${PROJECT_NAME}/ObjCBridge.h";
				SWIFT_VERSION = 4.0;
				TARGETED_DEVICE_FAMILY = "1,2";
			};
			name = Release;
		};
/* End XCBuildConfiguration section */

/* Begin XCConfigurationList section */
		DE00F612205BA29100D4F48F /* Build configuration list for PBXProject "VampProject" */ = {
			isa = XCConfigurationList;
			buildConfigurations = (
				DE00F62A205BA29100D4F48F /* Debug */,
				DE00F62B205BA29100D4F48F /* Release */,
			);
			defaultConfigurationIsVisible = 0;
			defaultConfigurationName = Release;
		};
		DE00F62C205BA29100D4F48F /* Build configuration list for PBXNativeTarget "VampProject" */ = {
			isa = XCConfigurationList;
			buildConfigurations = (
				DE00F62D205BA29100D4F48F /* Debug */,
				DE00F62E205BA29100D4F48F /* Release */,
			);
			defaultConfigurationIsVisible = 0;
			defaultConfigurationName = Release;
		};
/* End XCConfigurationList section */

/* Begin XCVersionGroup section */
		476172AE207E1CED00AE8922 /* VampProject.xcdatamodeld */ = {
			isa = XCVersionGroup;
			children = (
				476172AF207E1CED00AE8922 /* VampProject.xcdatamodel */,
			);
			currentVersion = 476172AF207E1CED00AE8922 /* VampProject.xcdatamodel */;
			path = VampProject.xcdatamodeld;
			sourceTree = "<group>";
			versionGroupType = wrapper.xcdatamodel;
		};
/* End XCVersionGroup section */
	};
	rootObject = DE00F60F205BA29100D4F48F /* Project object */;
}
